
Microsoft Visual Studio Solution File, Format Version 12.00
# Visual Studio 14
VisualStudioVersion = 14.0.23107.0
MinimumVisualStudioVersion = 10.0.40219.1
Project("{262852C6-CD72-467D-83FE-5EEB1973A190}") = "ivanballApp", "ivanballApp\ivanballApp.jsproj", "{185B8EC0-4114-4BA1-8710-FA85FEF76A50}"
EndProject
Project("{FAE04EC0-301F-11D3-BF4B-00C04F79EFBC}") = "WebApp", "WebApp\WebApp.csproj", "{D95CD6A1-9218-452D-9B5E-3F60FB6BEB66}"
EndProject
Project("{FAE04EC0-301F-11D3-BF4B-00C04F79EFBC}") = "Common", "Common\Common.csproj", "{77D94AAD-CC86-4B97-AFE8-6AEB2866C3FA}"
EndProject
Global
	GlobalSection(SolutionConfigurationPlatforms) = preSolution
		Debug|Android = Debug|Android
		Debug|Any CPU = Debug|Any CPU
		Debug|iOS = Debug|iOS
		Debug|Windows Phone (Universal) = Debug|Windows Phone (Universal)
		Debug|Windows Phone 8 = Debug|Windows Phone 8
		Debug|Windows-AnyCPU = Debug|Windows-AnyCPU
		Debug|Windows-ARM = Debug|Windows-ARM
		Debug|Windows-x64 = Debug|Windows-x64
		Debug|Windows-x86 = Debug|Windows-x86
		Release|Android = Release|Android
		Release|Any CPU = Release|Any CPU
		Release|iOS = Release|iOS
		Release|Windows Phone (Universal) = Release|Windows Phone (Universal)
		Release|Windows Phone 8 = Release|Windows Phone 8
		Release|Windows-AnyCPU = Release|Windows-AnyCPU
		Release|Windows-ARM = Release|Windows-ARM
		Release|Windows-x64 = Release|Windows-x64
		Release|Windows-x86 = Release|Windows-x86
	EndGlobalSection
	GlobalSection(ProjectConfigurationPlatforms) = postSolution
		{185B8EC0-4114-4BA1-8710-FA85FEF76A50}.Debug|Android.ActiveCfg = Debug|Android
		{185B8EC0-4114-4BA1-8710-FA85FEF76A50}.Debug|Android.Build.0 = Debug|Android
		{185B8EC0-4114-4BA1-8710-FA85FEF76A50}.Debug|Android.Deploy.0 = Debug|Android
		{185B8EC0-4114-4BA1-8710-FA85FEF76A50}.Debug|Any CPU.ActiveCfg = Debug|Android
		{185B8EC0-4114-4BA1-8710-FA85FEF76A50}.Debug|iOS.ActiveCfg = Debug|iOS
		{185B8EC0-4114-4BA1-8710-FA85FEF76A50}.Debug|iOS.Build.0 = Debug|iOS
		{185B8EC0-4114-4BA1-8710-FA85FEF76A50}.Debug|iOS.Deploy.0 = Debug|iOS
		{185B8EC0-4114-4BA1-8710-FA85FEF76A50}.Debug|Windows Phone (Universal).ActiveCfg = Debug|Windows Phone (Universal)
		{185B8EC0-4114-4BA1-8710-FA85FEF76A50}.Debug|Windows Phone (Universal).Build.0 = Debug|Windows Phone (Universal)
		{185B8EC0-4114-4BA1-8710-FA85FEF76A50}.Debug|Windows Phone (Universal).Deploy.0 = Debug|Windows Phone (Universal)
		{185B8EC0-4114-4BA1-8710-FA85FEF76A50}.Debug|Windows Phone 8.ActiveCfg = Debug|Windows Phone 8
		{185B8EC0-4114-4BA1-8710-FA85FEF76A50}.Debug|Windows Phone 8.Build.0 = Debug|Windows Phone 8
		{185B8EC0-4114-4BA1-8710-FA85FEF76A50}.Debug|Windows Phone 8.Deploy.0 = Debug|Windows Phone 8
		{185B8EC0-4114-4BA1-8710-FA85FEF76A50}.Debug|Windows-AnyCPU.ActiveCfg = Debug|Windows-AnyCPU
		{185B8EC0-4114-4BA1-8710-FA85FEF76A50}.Debug|Windows-AnyCPU.Build.0 = Debug|Windows-AnyCPU
		{185B8EC0-4114-4BA1-8710-FA85FEF76A50}.Debug|Windows-AnyCPU.Deploy.0 = Debug|Windows-AnyCPU
		{185B8EC0-4114-4BA1-8710-FA85FEF76A50}.Debug|Windows-ARM.ActiveCfg = Debug|Windows-ARM
		{185B8EC0-4114-4BA1-8710-FA85FEF76A50}.Debug|Windows-ARM.Build.0 = Debug|Windows-ARM
		{185B8EC0-4114-4BA1-8710-FA85FEF76A50}.Debug|Windows-ARM.Deploy.0 = Debug|Windows-ARM
		{185B8EC0-4114-4BA1-8710-FA85FEF76A50}.Debug|Windows-x64.ActiveCfg = Debug|Windows-x64
		{185B8EC0-4114-4BA1-8710-FA85FEF76A50}.Debug|Windows-x64.Build.0 = Debug|Windows-x64
		{185B8EC0-4114-4BA1-8710-FA85FEF76A50}.Debug|Windows-x64.Deploy.0 = Debug|Windows-x64
		{185B8EC0-4114-4BA1-8710-FA85FEF76A50}.Debug|Windows-x86.ActiveCfg = Debug|Windows-x86
		{185B8EC0-4114-4BA1-8710-FA85FEF76A50}.Debug|Windows-x86.Build.0 = Debug|Windows-x86
		{185B8EC0-4114-4BA1-8710-FA85FEF76A50}.Debug|Windows-x86.Deploy.0 = Debug|Windows-x86
		{185B8EC0-4114-4BA1-8710-FA85FEF76A50}.Release|Android.ActiveCfg = Release|Android
		{185B8EC0-4114-4BA1-8710-FA85FEF76A50}.Release|Android.Build.0 = Release|Android
		{185B8EC0-4114-4BA1-8710-FA85FEF76A50}.Release|Android.Deploy.0 = Release|Android
		{185B8EC0-4114-4BA1-8710-FA85FEF76A50}.Release|Any CPU.ActiveCfg = Release|Android
		{185B8EC0-4114-4BA1-8710-FA85FEF76A50}.Release|iOS.ActiveCfg = Release|iOS
		{185B8EC0-4114-4BA1-8710-FA85FEF76A50}.Release|iOS.Build.0 = Release|iOS
		{185B8EC0-4114-4BA1-8710-FA85FEF76A50}.Release|iOS.Deploy.0 = Release|iOS
		{185B8EC0-4114-4BA1-8710-FA85FEF76A50}.Release|Windows Phone (Universal).ActiveCfg = Release|Windows Phone (Universal)
		{185B8EC0-4114-4BA1-8710-FA85FEF76A50}.Release|Windows Phone (Universal).Build.0 = Release|Windows Phone (Universal)
		{185B8EC0-4114-4BA1-8710-FA85FEF76A50}.Release|Windows Phone (Universal).Deploy.0 = Release|Windows Phone (Universal)
		{185B8EC0-4114-4BA1-8710-FA85FEF76A50}.Release|Windows Phone 8.ActiveCfg = Release|Windows Phone 8
		{185B8EC0-4114-4BA1-8710-FA85FEF76A50}.Release|Windows Phone 8.Build.0 = Release|Windows Phone 8
		{185B8EC0-4114-4BA1-8710-FA85FEF76A50}.Release|Windows Phone 8.Deploy.0 = Release|Windows Phone 8
		{185B8EC0-4114-4BA1-8710-FA85FEF76A50}.Release|Windows-AnyCPU.ActiveCfg = Release|Windows-AnyCPU
		{185B8EC0-4114-4BA1-8710-FA85FEF76A50}.Release|Windows-AnyCPU.Build.0 = Release|Windows-AnyCPU
		{185B8EC0-4114-4BA1-8710-FA85FEF76A50}.Release|Windows-AnyCPU.Deploy.0 = Release|Windows-AnyCPU
		{185B8EC0-4114-4BA1-8710-FA85FEF76A50}.Release|Windows-ARM.ActiveCfg = Release|Windows-ARM
		{185B8EC0-4114-4BA1-8710-FA85FEF76A50}.Release|Windows-ARM.Build.0 = Release|Windows-ARM
		{185B8EC0-4114-4BA1-8710-FA85FEF76A50}.Release|Windows-ARM.Deploy.0 = Release|Windows-ARM
		{185B8EC0-4114-4BA1-8710-FA85FEF76A50}.Release|Windows-x64.ActiveCfg = Release|Windows-x64
		{185B8EC0-4114-4BA1-8710-FA85FEF76A50}.Release|Windows-x64.Build.0 = Release|Windows-x64
		{185B8EC0-4114-4BA1-8710-FA85FEF76A50}.Release|Windows-x64.Deploy.0 = Release|Windows-x64
		{185B8EC0-4114-4BA1-8710-FA85FEF76A50}.Release|Windows-x86.ActiveCfg = Release|Windows-x86
		{185B8EC0-4114-4BA1-8710-FA85FEF76A50}.Release|Windows-x86.Build.0 = Release|Windows-x86
		{185B8EC0-4114-4BA1-8710-FA85FEF76A50}.Release|Windows-x86.Deploy.0 = Release|Windows-x86
		{D95CD6A1-9218-452D-9B5E-3F60FB6BEB66}.Debug|Android.ActiveCfg = Debug|Any CPU
		{D95CD6A1-9218-452D-9B5E-3F60FB6BEB66}.Debug|Android.Build.0 = Debug|Any CPU
		{D95CD6A1-9218-452D-9B5E-3F60FB6BEB66}.Debug|Any CPU.ActiveCfg = Debug|Any CPU
		{D95CD6A1-9218-452D-9B5E-3F60FB6BEB66}.Debug|Any CPU.Build.0 = Debug|Any CPU
		{D95CD6A1-9218-452D-9B5E-3F60FB6BEB66}.Debug|iOS.ActiveCfg = Debug|Any CPU
		{D95CD6A1-9218-452D-9B5E-3F60FB6BEB66}.Debug|iOS.Build.0 = Debug|Any CPU
		{D95CD6A1-9218-452D-9B5E-3F60FB6BEB66}.Debug|Windows Phone (Universal).ActiveCfg = Debug|Any CPU
		{D95CD6A1-9218-452D-9B5E-3F60FB6BEB66}.Debug|Windows Phone (Universal).Build.0 = Debug|Any CPU
		{D95CD6A1-9218-452D-9B5E-3F60FB6BEB66}.Debug|Windows Phone 8.ActiveCfg = Debug|Any CPU
		{D95CD6A1-9218-452D-9B5E-3F60FB6BEB66}.Debug|Windows Phone 8.Build.0 = Debug|Any CPU
		{D95CD6A1-9218-452D-9B5E-3F60FB6BEB66}.Debug|Windows-AnyCPU.ActiveCfg = Debug|Any CPU
		{D95CD6A1-9218-452D-9B5E-3F60FB6BEB66}.Debug|Windows-AnyCPU.Build.0 = Debug|Any CPU
		{D95CD6A1-9218-452D-9B5E-3F60FB6BEB66}.Debug|Windows-ARM.ActiveCfg = Debug|Any CPU
		{D95CD6A1-9218-452D-9B5E-3F60FB6BEB66}.Debug|Windows-ARM.Build.0 = Debug|Any CPU
		{D95CD6A1-9218-452D-9B5E-3F60FB6BEB66}.Debug|Windows-x64.ActiveCfg = Debug|Any CPU
		{D95CD6A1-9218-452D-9B5E-3F60FB6BEB66}.Debug|Windows-x64.Build.0 = Debug|Any CPU
		{D95CD6A1-9218-452D-9B5E-3F60FB6BEB66}.Debug|Windows-x86.ActiveCfg = Debug|Any CPU
		{D95CD6A1-9218-452D-9B5E-3F60FB6BEB66}.Debug|Windows-x86.Build.0 = Debug|Any CPU
		{D95CD6A1-9218-452D-9B5E-3F60FB6BEB66}.Release|Android.ActiveCfg = Release|Any CPU
		{D95CD6A1-9218-452D-9B5E-3F60FB6BEB66}.Release|Android.Build.0 = Release|Any CPU
		{D95CD6A1-9218-452D-9B5E-3F60FB6BEB66}.Release|Any CPU.ActiveCfg = Release|Any CPU
		{D95CD6A1-9218-452D-9B5E-3F60FB6BEB66}.Release|Any CPU.Build.0 = Release|Any CPU
		{D95CD6A1-9218-452D-9B5E-3F60FB6BEB66}.Release|iOS.ActiveCfg = Release|Any CPU
		{D95CD6A1-9218-452D-9B5E-3F60FB6BEB66}.Release|iOS.Build.0 = Release|Any CPU
		{D95CD6A1-9218-452D-9B5E-3F60FB6BEB66}.Release|Windows Phone (Universal).ActiveCfg = Release|Any CPU
		{D95CD6A1-9218-452D-9B5E-3F60FB6BEB66}.Release|Windows Phone (Universal).Build.0 = Release|Any CPU
		{D95CD6A1-9218-452D-9B5E-3F60FB6BEB66}.Release|Windows Phone 8.ActiveCfg = Release|Any CPU
		{D95CD6A1-9218-452D-9B5E-3F60FB6BEB66}.Release|Windows Phone 8.Build.0 = Release|Any CPU
		{D95CD6A1-9218-452D-9B5E-3F60FB6BEB66}.Release|Windows-AnyCPU.ActiveCfg = Release|Any CPU
		{D95CD6A1-9218-452D-9B5E-3F60FB6BEB66}.Release|Windows-AnyCPU.Build.0 = Release|Any CPU
		{D95CD6A1-9218-452D-9B5E-3F60FB6BEB66}.Release|Windows-ARM.ActiveCfg = Release|Any CPU
		{D95CD6A1-9218-452D-9B5E-3F60FB6BEB66}.Release|Windows-ARM.Build.0 = Release|Any CPU
		{D95CD6A1-9218-452D-9B5E-3F60FB6BEB66}.Release|Windows-x64.ActiveCfg = Release|Any CPU
		{D95CD6A1-9218-452D-9B5E-3F60FB6BEB66}.Release|Windows-x64.Build.0 = Release|Any CPU
		{D95CD6A1-9218-452D-9B5E-3F60FB6BEB66}.Release|Windows-x86.ActiveCfg = Release|Any CPU
		{D95CD6A1-9218-452D-9B5E-3F60FB6BEB66}.Release|Windows-x86.Build.0 = Release|Any CPU
		{77D94AAD-CC86-4B97-AFE8-6AEB2866C3FA}.Debug|Android.ActiveCfg = Debug|Any CPU
		{77D94AAD-CC86-4B97-AFE8-6AEB2866C3FA}.Debug|Android.Build.0 = Debug|Any CPU
		{77D94AAD-CC86-4B97-AFE8-6AEB2866C3FA}.Debug|Any CPU.ActiveCfg = Debug|Any CPU
		{77D94AAD-CC86-4B97-AFE8-6AEB2866C3FA}.Debug|Any CPU.Build.0 = Debug|Any CPU
		{77D94AAD-CC86-4B97-AFE8-6AEB2866C3FA}.Debug|iOS.ActiveCfg = Debug|Any CPU
		{77D94AAD-CC86-4B97-AFE8-6AEB2866C3FA}.Debug|iOS.Build.0 = Debug|Any CPU
		{77D94AAD-CC86-4B97-AFE8-6AEB2866C3FA}.Debug|Windows Phone (Universal).ActiveCfg = Debug|Any CPU
		{77D94AAD-CC86-4B97-AFE8-6AEB2866C3FA}.Debug|Windows Phone (Universal).Build.0 = Debug|Any CPU
		{77D94AAD-CC86-4B97-AFE8-6AEB2866C3FA}.Debug|Windows Phone 8.ActiveCfg = Debug|Any CPU
		{77D94AAD-CC86-4B97-AFE8-6AEB2866C3FA}.Debug|Windows Phone 8.Build.0 = Debug|Any CPU
		{77D94AAD-CC86-4B97-AFE8-6AEB2866C3FA}.Debug|Windows-AnyCPU.ActiveCfg = Debug|Any CPU
		{77D94AAD-CC86-4B97-AFE8-6AEB2866C3FA}.Debug|Windows-AnyCPU.Build.0 = Debug|Any CPU
		{77D94AAD-CC86-4B97-AFE8-6AEB2866C3FA}.Debug|Windows-ARM.ActiveCfg = Debug|Any CPU
		{77D94AAD-CC86-4B97-AFE8-6AEB2866C3FA}.Debug|Windows-ARM.Build.0 = Debug|Any CPU
		{77D94AAD-CC86-4B97-AFE8-6AEB2866C3FA}.Debug|Windows-x64.ActiveCfg = Debug|Any CPU
		{77D94AAD-CC86-4B97-AFE8-6AEB2866C3FA}.Debug|Windows-x64.Build.0 = Debug|Any CPU
		{77D94AAD-CC86-4B97-AFE8-6AEB2866C3FA}.Debug|Windows-x86.ActiveCfg = Debug|Any CPU
		{77D94AAD-CC86-4B97-AFE8-6AEB2866C3FA}.Debug|Windows-x86.Build.0 = Debug|Any CPU
		{77D94AAD-CC86-4B97-AFE8-6AEB2866C3FA}.Release|Android.ActiveCfg = Release|Any CPU
		{77D94AAD-CC86-4B97-AFE8-6AEB2866C3FA}.Release|Android.Build.0 = Release|Any CPU
		{77D94AAD-CC86-4B97-AFE8-6AEB2866C3FA}.Release|Any CPU.ActiveCfg = Release|Any CPU
		{77D94AAD-CC86-4B97-AFE8-6AEB2866C3FA}.Release|Any CPU.Build.0 = Release|Any CPU
		{77D94AAD-CC86-4B97-AFE8-6AEB2866C3FA}.Release|iOS.ActiveCfg = Release|Any CPU
		{77D94AAD-CC86-4B97-AFE8-6AEB2866C3FA}.Release|iOS.Build.0 = Release|Any CPU
		{77D94AAD-CC86-4B97-AFE8-6AEB2866C3FA}.Release|Windows Phone (Universal).ActiveCfg = Release|Any CPU
		{77D94AAD-CC86-4B97-AFE8-6AEB2866C3FA}.Release|Windows Phone (Universal).Build.0 = Release|Any CPU
		{77D94AAD-CC86-4B97-AFE8-6AEB2866C3FA}.Release|Windows Phone 8.ActiveCfg = Release|Any CPU
		{77D94AAD-CC86-4B97-AFE8-6AEB2866C3FA}.Release|Windows Phone 8.Build.0 = Release|Any CPU
		{77D94AAD-CC86-4B97-AFE8-6AEB2866C3FA}.Release|Windows-AnyCPU.ActiveCfg = Release|Any CPU
		{77D94AAD-CC86-4B97-AFE8-6AEB2866C3FA}.Release|Windows-AnyCPU.Build.0 = Release|Any CPU
		{77D94AAD-CC86-4B97-AFE8-6AEB2866C3FA}.Release|Windows-ARM.ActiveCfg = Release|Any CPU
		{77D94AAD-CC86-4B97-AFE8-6AEB2866C3FA}.Release|Windows-ARM.Build.0 = Release|Any CPU
		{77D94AAD-CC86-4B97-AFE8-6AEB2866C3FA}.Release|Windows-x64.ActiveCfg = Release|Any CPU
		{77D94AAD-CC86-4B97-AFE8-6AEB2866C3FA}.Release|Windows-x64.Build.0 = Release|Any CPU
		{77D94AAD-CC86-4B97-AFE8-6AEB2866C3FA}.Release|Windows-x86.ActiveCfg = Release|Any CPU
		{77D94AAD-CC86-4B97-AFE8-6AEB2866C3FA}.Release|Windows-x86.Build.0 = Release|Any CPU
	EndGlobalSection
	GlobalSection(SolutionProperties) = preSolution
		HideSolutionNode = FALSE
	EndGlobalSection
	GlobalSection(TeamFoundationVersionControl) = preSolution
		SccNumberOfProjects = 4
		SccEnterpriseProvider = {4CA58AB2-18FA-4F8D-95D4-32DDF27D184C}
		SccTeamFoundationServer = https://ivanball.visualstudio.com/defaultcollection
		SccLocalPath0 = .
		SccProjectUniqueName1 = ivanballApp\\ivanballApp.jsproj
		SccProjectName1 = ivanballApp
		SccLocalPath1 = ivanballApp
		SccProjectUniqueName2 = WebApp\\WebApp.csproj
		SccProjectName2 = WebApp
		SccLocalPath2 = WebApp
		SccProjectUniqueName3 = Common\\Common.csproj
		SccProjectName3 = Common
		SccLocalPath3 = Common
	EndGlobalSection
EndGlobal
