// !$*UTF8*$!
{
	archiveVersion = 1;
	classes = {
	};
	objectVersion = 46;
	objects = {

/* Begin PBXBuildFile section */
		0207DA581B56EA530066E2B4 /* Images.xcassets in Resources */ = {isa = PBXBuildFile; fileRef = 0207DA571B56EA530066E2B4 /* Images.xcassets */; };
		05E837E7A959476799654D73 /* CoreMotion.framework in Frameworks */ = {isa = PBXBuildFile; fileRef = 2DAFFD16C6254FABAA332E4A /* CoreMotion.framework */; };
		0BFCBD04E9DC42EE9155EF8F /* SystemConfiguration.framework in Frameworks */ = {isa = PBXBuildFile; fileRef = E1F2CE4C3C2843A1A696B5E1 /* SystemConfiguration.framework */; settings = {ATTRIBUTES = (Weak, ); }; };
		0C06002489294FE0B3FFB245 /* AddressBookUI.framework in Frameworks */ = {isa = PBXBuildFile; fileRef = F1AA580A064A4EE285EC0682 /* AddressBookUI.framework */; settings = {ATTRIBUTES = (Weak, ); }; };
		1AA0A75D2E0A48FC9FB4F6F7 /* CDVLocation.m in Sources */ = {isa = PBXBuildFile; fileRef = D8D0551EE33D4D87A9D69D98 /* CDVLocation.m */; };
		1D3623260D0F684500981E51 /* AppDelegate.m in Sources */ = {isa = PBXBuildFile; fileRef = 1D3623250D0F684500981E51 /* AppDelegate.m */; };
		1D60589B0D05DD56006BFB54 /* main.m in Sources */ = {isa = PBXBuildFile; fileRef = 29B97316FDCFA39411CA2CEA /* main.m */; };
		251D3DD7A18B40A8B4A71A10 /* AudioToolbox.framework in Frameworks */ = {isa = PBXBuildFile; fileRef = AD697DD0F04D43CCAFC3382A /* AudioToolbox.framework */; settings = {ATTRIBUTES = (Weak, ); }; };
		2CACB7EE951541339A88E161 /* CDVSound.m in Sources */ = {isa = PBXBuildFile; fileRef = 9C3ECBBDCDC14FB38C73BF46 /* CDVSound.m */; };
		301BF552109A68D80062928A /* libCordova.a in Frameworks */ = {isa = PBXBuildFile; fileRef = 301BF535109A57CC0062928A /* libCordova.a */; };
		302D95F114D2391D003F00A1 /* MainViewController.m in Sources */ = {isa = PBXBuildFile; fileRef = 302D95EF14D2391D003F00A1 /* MainViewController.m */; };
		302D95F214D2391D003F00A1 /* MainViewController.xib in Resources */ = {isa = PBXBuildFile; fileRef = 302D95F014D2391D003F00A1 /* MainViewController.xib */; };
		3047A5121AB8059700498E2A /* build-debug.xcconfig in Resources */ = {isa = PBXBuildFile; fileRef = 3047A50F1AB8059700498E2A /* build-debug.xcconfig */; };
		3047A5131AB8059700498E2A /* build-release.xcconfig in Resources */ = {isa = PBXBuildFile; fileRef = 3047A5101AB8059700498E2A /* build-release.xcconfig */; };
		3047A5141AB8059700498E2A /* build.xcconfig in Resources */ = {isa = PBXBuildFile; fileRef = 3047A5111AB8059700498E2A /* build.xcconfig */; };
		323C8FEA7D314B9280C49E49 /* CDVBattery.m in Sources */ = {isa = PBXBuildFile; fileRef = CF6BF84A94544A02B924AA95 /* CDVBattery.m */; };
		36CBE4172A3E462A9841A383 /* CDVCapture.m in Sources */ = {isa = PBXBuildFile; fileRef = 963D4D53ED364B8E89C9C6C7 /* CDVCapture.m */; };
		3D3ACB6523914A06812595A3 /* CDVCompass.m in Sources */ = {isa = PBXBuildFile; fileRef = CD43066E7F884A0BBB40DE8F /* CDVCompass.m */; };
		3E0521CA4481404FB1B34E6E /* CDVGlobalization.m in Sources */ = {isa = PBXBuildFile; fileRef = F99F505294794C1D95D8FB6C /* CDVGlobalization.m */; };
		441D798F57FF4BF592CC0E93 /* CDVVibration.m in Sources */ = {isa = PBXBuildFile; fileRef = 6CFAD5E4914540CFBA45D653 /* CDVVibration.m */; };
		4935D1CAA88645CBB3025377 /* CDVNotification.m in Sources */ = {isa = PBXBuildFile; fileRef = 4CC8CD23E48B4525B214FD63 /* CDVNotification.m */; };
		4FF7ACADDC3C41A09A3C48FB /* AVFoundation.framework in Frameworks */ = {isa = PBXBuildFile; fileRef = 179AC9170FC04EE9A842E287 /* AVFoundation.framework */; };
		5044241190D7493F92D28219 /* CDVLogger.m in Sources */ = {isa = PBXBuildFile; fileRef = 475010F96D7B4B18AAEA86C0 /* CDVLogger.m */; };
		5EAE34CB9A85407EAC969705 /* CDVFileTransfer.m in Sources */ = {isa = PBXBuildFile; fileRef = F7E826A736F54797B67AEB59 /* CDVFileTransfer.m */; };
		6EEA6A1089424B4ABAF5FB4A /* CDVDevice.m in Sources */ = {isa = PBXBuildFile; fileRef = A562695E761744208636EE50 /* CDVDevice.m */; };
		719107D12E964CBCBAD11AA2 /* CDVSplashScreen.m in Sources */ = {isa = PBXBuildFile; fileRef = A2AE6656994C42EAA1F24192 /* CDVSplashScreen.m */; };
		74459D98E13E4CD5BB927F69 /* CDVCamera.m in Sources */ = {isa = PBXBuildFile; fileRef = 476A381383B546CBA84FDBCB /* CDVCamera.m */; };
		825A7AD6C3884F32BE8181E7 /* CDVContact.m in Sources */ = {isa = PBXBuildFile; fileRef = F7FA43C910DE45B484C6F416 /* CDVContact.m */; };
		828634175D45423182E8763F /* CDVJpegHeaderWriter.m in Sources */ = {isa = PBXBuildFile; fileRef = 88483C7CB1CF48BDA75D97B9 /* CDVJpegHeaderWriter.m */; };
		89680948F3AD4B58A8BCEAD9 /* CDVAssetLibraryFilesystem.m in Sources */ = {isa = PBXBuildFile; fileRef = 2624A011DC8C45049DA759DA /* CDVAssetLibraryFilesystem.m */; };
		8EE4371BA7EC4CD8922F99A5 /* UIImage+CropScaleOrientation.m in Sources */ = {isa = PBXBuildFile; fileRef = 4CEA5DB334ED4124BE9306C0 /* UIImage+CropScaleOrientation.m */; };
		917CCAE9EFD247588F729105 /* CoreTelephony.framework in Frameworks */ = {isa = PBXBuildFile; fileRef = FEB0800099F641D9982A6ACE /* CoreTelephony.framework */; };
		976B4A7BD6D840ACAAFBB11A /* CDVNotification.bundle in Resources */ = {isa = PBXBuildFile; fileRef = 350B7AFEF4CC447184CEC204 /* CDVNotification.bundle */; };
		A846DC5806A248A480343EA4 /* AddressBook.framework in Frameworks */ = {isa = PBXBuildFile; fileRef = 0E80C34CDED64521AD13EA77 /* AddressBook.framework */; settings = {ATTRIBUTES = (Weak, ); }; };
		A98EBF8B9A00418B9A2B2839 /* CDVLocalFilesystem.m in Sources */ = {isa = PBXBuildFile; fileRef = F590D865EFF34A289D95DA67 /* CDVLocalFilesystem.m */; };
		AB61AD3D946A484D8F23CF22 /* CoreLocation.framework in Frameworks */ = {isa = PBXBuildFile; fileRef = E300FC1287EE46038F2E1657 /* CoreLocation.framework */; };
		AF218ADD96EA4EEA93821671 /* CDVAccelerometer.m in Sources */ = {isa = PBXBuildFile; fileRef = 94DD07A7E67B4464B5A3F7B7 /* CDVAccelerometer.m */; };
		BDAD686185E84CFDAB24BB52 /* CDVCapture.bundle in Resources */ = {isa = PBXBuildFile; fileRef = 1388E24855114DD9B1F99CAB /* CDVCapture.bundle */; };
		BDDB9615BB7841619CCE5D19 /* ImageIO.framework in Frameworks */ = {isa = PBXBuildFile; fileRef = 37152B3CF295419881599808 /* ImageIO.framework */; settings = {ATTRIBUTES = (Weak, ); }; };
		BE55C7D0A7F541519BE58C27 /* CDVReachability.m in Sources */ = {isa = PBXBuildFile; fileRef = F760CDA0CF77469A9A16FFFE /* CDVReachability.m */; };
		D99941F9F1994BDD9ECDC11E /* CDVFile.m in Sources */ = {isa = PBXBuildFile; fileRef = 81E4F0B56D1B4948AB7C6CB3 /* CDVFile.m */; };
		DA8654C808B6451090E1FEB1 /* CDVConnection.m in Sources */ = {isa = PBXBuildFile; fileRef = ECF6E090590744F9AB894124 /* CDVConnection.m */; };
		EC2961BFB1CE492BB6A303BE /* CDVViewController+SplashScreen.m in Sources */ = {isa = PBXBuildFile; fileRef = BC168C47CD0B48B585521338 /* CDVViewController+SplashScreen.m */; };
		ED1D838AB118484A9FCF44F4 /* CDVContacts.m in Sources */ = {isa = PBXBuildFile; fileRef = C449DD3D6E854EBD9B259BD8 /* CDVContacts.m */; };
/* End PBXBuildFile section */

/* Begin PBXContainerItemProxy section */
		301BF534109A57CC0062928A /* PBXContainerItemProxy */ = {
			isa = PBXContainerItemProxy;
			containerPortal = 301BF52D109A57CC0062928A /* CordovaLib.xcodeproj */;
			proxyType = 2;
			remoteGlobalIDString = D2AAC07E0554694100DB518D;
			remoteInfo = CordovaLib;
		};
		301BF550109A68C00062928A /* PBXContainerItemProxy */ = {
			isa = PBXContainerItemProxy;
			containerPortal = 301BF52D109A57CC0062928A /* CordovaLib.xcodeproj */;
			proxyType = 1;
			remoteGlobalIDString = D2AAC07D0554694100DB518D;
			remoteInfo = CordovaLib;
		};
/* End PBXContainerItemProxy section */

/* Begin PBXFileReference section */
		0207DA571B56EA530066E2B4 /* Images.xcassets */ = {isa = PBXFileReference; lastKnownFileType = folder.assetcatalog; name = Images.xcassets; path = ivanballApp/Images.xcassets; sourceTree = SOURCE_ROOT; };
		06E8D0E5A53C4D2A81F25EEE /* CDVJpegHeaderWriter.h */ = {isa = PBXFileReference; explicitFileType = undefined; fileEncoding = 4; includeInIndex = 0; lastKnownFileType = sourcecode.c.h; name = CDVJpegHeaderWriter.h; path = "cordova-plugin-camera/CDVJpegHeaderWriter.h"; sourceTree = "<group>"; };
		074285354CA44C159AA8919E /* CDVGlobalization.h */ = {isa = PBXFileReference; explicitFileType = undefined; fileEncoding = 4; includeInIndex = 0; lastKnownFileType = sourcecode.c.h; name = CDVGlobalization.h; path = "cordova-plugin-globalization/CDVGlobalization.h"; sourceTree = "<group>"; };
		0C170647007F40CF821078E9 /* CDVLogger.h */ = {isa = PBXFileReference; explicitFileType = undefined; fileEncoding = 4; includeInIndex = 0; lastKnownFileType = sourcecode.c.h; name = CDVLogger.h; path = "cordova-plugin-console/CDVLogger.h"; sourceTree = "<group>"; };
		0E80C34CDED64521AD13EA77 /* AddressBook.framework */ = {isa = PBXFileReference; explicitFileType = undefined; fileEncoding = 0; includeInIndex = 0; lastKnownFileType = wrapper.framework; name = AddressBook.framework; path = System/Library/Frameworks/AddressBook.framework; sourceTree = SDKROOT; };
		1388E24855114DD9B1F99CAB /* CDVCapture.bundle */ = {isa = PBXFileReference; explicitFileType = undefined; fileEncoding = 0; includeInIndex = 0; lastKnownFileType = "wrapper.plug-in"; path = CDVCapture.bundle; sourceTree = "<group>"; };
		13DCBD6F2C994EDDB78354BA /* CDVNotification.h */ = {isa = PBXFileReference; explicitFileType = undefined; fileEncoding = 4; includeInIndex = 0; lastKnownFileType = sourcecode.c.h; name = CDVNotification.h; path = "cordova-plugin-dialogs/CDVNotification.h"; sourceTree = "<group>"; };
		179AC9170FC04EE9A842E287 /* AVFoundation.framework */ = {isa = PBXFileReference; explicitFileType = undefined; fileEncoding = 0; includeInIndex = 0; lastKnownFileType = wrapper.framework; name = AVFoundation.framework; path = System/Library/Frameworks/AVFoundation.framework; sourceTree = SDKROOT; };
		1D3623240D0F684500981E51 /* AppDelegate.h */ = {isa = PBXFileReference; fileEncoding = 4; lastKnownFileType = sourcecode.c.h; path = AppDelegate.h; sourceTree = "<group>"; };
		1D3623250D0F684500981E51 /* AppDelegate.m */ = {isa = PBXFileReference; fileEncoding = 4; lastKnownFileType = sourcecode.c.objc; path = AppDelegate.m; sourceTree = "<group>"; };
		1D6058910D05DD3D006BFB54 /* ivanballApp.app */ = {isa = PBXFileReference; explicitFileType = wrapper.application; includeInIndex = 0; path = ivanballApp.app; sourceTree = BUILT_PRODUCTS_DIR; };
		2624A011DC8C45049DA759DA /* CDVAssetLibraryFilesystem.m */ = {isa = PBXFileReference; explicitFileType = undefined; fileEncoding = 4; includeInIndex = 0; lastKnownFileType = sourcecode.c.objc; name = CDVAssetLibraryFilesystem.m; path = "cordova-plugin-file/CDVAssetLibraryFilesystem.m"; sourceTree = "<group>"; };
		29B97316FDCFA39411CA2CEA /* main.m */ = {isa = PBXFileReference; fileEncoding = 4; lastKnownFileType = sourcecode.c.objc; path = main.m; sourceTree = "<group>"; };
		2CCCBCE02FC1423CAA1208A0 /* CDVCapture.h */ = {isa = PBXFileReference; explicitFileType = undefined; fileEncoding = 4; includeInIndex = 0; lastKnownFileType = sourcecode.c.h; name = CDVCapture.h; path = "cordova-plugin-media-capture/CDVCapture.h"; sourceTree = "<group>"; };
		2DAFFD16C6254FABAA332E4A /* CoreMotion.framework */ = {isa = PBXFileReference; explicitFileType = undefined; fileEncoding = 0; includeInIndex = 0; lastKnownFileType = wrapper.framework; name = CoreMotion.framework; path = System/Library/Frameworks/CoreMotion.framework; sourceTree = SDKROOT; };
		301BF52D109A57CC0062928A /* CordovaLib.xcodeproj */ = {isa = PBXFileReference; lastKnownFileType = "wrapper.pb-project"; name = CordovaLib.xcodeproj; path = CordovaLib/CordovaLib.xcodeproj; sourceTree = "<group>"; };
		301BF56E109A69640062928A /* www */ = {isa = PBXFileReference; lastKnownFileType = folder; path = www; sourceTree = SOURCE_ROOT; };
		302D95EE14D2391D003F00A1 /* MainViewController.h */ = {isa = PBXFileReference; fileEncoding = 4; lastKnownFileType = sourcecode.c.h; path = MainViewController.h; sourceTree = "<group>"; };
		302D95EF14D2391D003F00A1 /* MainViewController.m */ = {isa = PBXFileReference; fileEncoding = 4; lastKnownFileType = sourcecode.c.objc; path = MainViewController.m; sourceTree = "<group>"; };
		302D95F014D2391D003F00A1 /* MainViewController.xib */ = {isa = PBXFileReference; fileEncoding = 4; lastKnownFileType = file.xib; path = MainViewController.xib; sourceTree = "<group>"; };
		3047A50F1AB8059700498E2A /* build-debug.xcconfig */ = {isa = PBXFileReference; fileEncoding = 4; lastKnownFileType = text.xcconfig; name = "build-debug.xcconfig"; path = "cordova/build-debug.xcconfig"; sourceTree = SOURCE_ROOT; };
		3047A5101AB8059700498E2A /* build-release.xcconfig */ = {isa = PBXFileReference; fileEncoding = 4; lastKnownFileType = text.xcconfig; name = "build-release.xcconfig"; path = "cordova/build-release.xcconfig"; sourceTree = SOURCE_ROOT; };
		3047A5111AB8059700498E2A /* build.xcconfig */ = {isa = PBXFileReference; fileEncoding = 4; lastKnownFileType = text.xcconfig; name = build.xcconfig; path = cordova/build.xcconfig; sourceTree = SOURCE_ROOT; };
		32CA4F630368D1EE00C91783 /* ivanballApp-Prefix.pch */ = {isa = PBXFileReference; fileEncoding = 4; lastKnownFileType = sourcecode.c.h; path = "ivanballApp-Prefix.pch"; sourceTree = "<group>"; };
		350B7AFEF4CC447184CEC204 /* CDVNotification.bundle */ = {isa = PBXFileReference; explicitFileType = undefined; fileEncoding = 0; includeInIndex = 0; lastKnownFileType = "wrapper.plug-in"; path = CDVNotification.bundle; sourceTree = "<group>"; };
		364F1ECCF04E4AA39D30B4AF /* CDVLocation.h */ = {isa = PBXFileReference; explicitFileType = undefined; fileEncoding = 4; includeInIndex = 0; lastKnownFileType = sourcecode.c.h; name = CDVLocation.h; path = "cordova-plugin-geolocation/CDVLocation.h"; sourceTree = "<group>"; };
		37152B3CF295419881599808 /* ImageIO.framework */ = {isa = PBXFileReference; explicitFileType = undefined; fileEncoding = 0; includeInIndex = 0; lastKnownFileType = wrapper.framework; name = ImageIO.framework; path = System/Library/Frameworks/ImageIO.framework; sourceTree = SDKROOT; };
		42ECCBDFD1714B09BEEE6F98 /* CDVSplashScreen.h */ = {isa = PBXFileReference; explicitFileType = undefined; fileEncoding = 4; includeInIndex = 0; lastKnownFileType = sourcecode.c.h; name = CDVSplashScreen.h; path = "cordova-plugin-splashscreen/CDVSplashScreen.h"; sourceTree = "<group>"; };
		475010F96D7B4B18AAEA86C0 /* CDVLogger.m */ = {isa = PBXFileReference; explicitFileType = undefined; fileEncoding = 4; includeInIndex = 0; lastKnownFileType = sourcecode.c.objc; name = CDVLogger.m; path = "cordova-plugin-console/CDVLogger.m"; sourceTree = "<group>"; };
		476A381383B546CBA84FDBCB /* CDVCamera.m */ = {isa = PBXFileReference; explicitFileType = undefined; fileEncoding = 4; includeInIndex = 0; lastKnownFileType = sourcecode.c.objc; name = CDVCamera.m; path = "cordova-plugin-camera/CDVCamera.m"; sourceTree = "<group>"; };
		49C94A6C035E4E69BED75258 /* CDVAccelerometer.h */ = {isa = PBXFileReference; explicitFileType = undefined; fileEncoding = 4; includeInIndex = 0; lastKnownFileType = sourcecode.c.h; name = CDVAccelerometer.h; path = "cordova-plugin-device-motion/CDVAccelerometer.h"; sourceTree = "<group>"; };
		4CC8CD23E48B4525B214FD63 /* CDVNotification.m */ = {isa = PBXFileReference; explicitFileType = undefined; fileEncoding = 4; includeInIndex = 0; lastKnownFileType = sourcecode.c.objc; name = CDVNotification.m; path = "cordova-plugin-dialogs/CDVNotification.m"; sourceTree = "<group>"; };
		4CEA5DB334ED4124BE9306C0 /* UIImage+CropScaleOrientation.m */ = {isa = PBXFileReference; explicitFileType = undefined; fileEncoding = 4; includeInIndex = 0; lastKnownFileType = sourcecode.c.objc; name = "UIImage+CropScaleOrientation.m"; path = "cordova-plugin-camera/UIImage+CropScaleOrientation.m"; sourceTree = "<group>"; };
		5894E99CDD7F4F45AB1E1EE9 /* CDVVibration.h */ = {isa = PBXFileReference; explicitFileType = undefined; fileEncoding = 4; includeInIndex = 0; lastKnownFileType = sourcecode.c.h; name = CDVVibration.h; path = "cordova-plugin-vibration/CDVVibration.h"; sourceTree = "<group>"; };
		6CFAD5E4914540CFBA45D653 /* CDVVibration.m */ = {isa = PBXFileReference; explicitFileType = undefined; fileEncoding = 4; includeInIndex = 0; lastKnownFileType = sourcecode.c.objc; name = CDVVibration.m; path = "cordova-plugin-vibration/CDVVibration.m"; sourceTree = "<group>"; };
		79C583AA61964BB8AF1FBC2A /* CDVDevice.h */ = {isa = PBXFileReference; explicitFileType = undefined; fileEncoding = 4; includeInIndex = 0; lastKnownFileType = sourcecode.c.h; name = CDVDevice.h; path = "cordova-plugin-device/CDVDevice.h"; sourceTree = "<group>"; };
		81E4F0B56D1B4948AB7C6CB3 /* CDVFile.m */ = {isa = PBXFileReference; explicitFileType = undefined; fileEncoding = 4; includeInIndex = 0; lastKnownFileType = sourcecode.c.objc; name = CDVFile.m; path = "cordova-plugin-file/CDVFile.m"; sourceTree = "<group>"; };
		837DA57AB31A4F60BD796E2F /* CDVFileTransfer.h */ = {isa = PBXFileReference; explicitFileType = undefined; fileEncoding = 4; includeInIndex = 0; lastKnownFileType = sourcecode.c.h; name = CDVFileTransfer.h; path = "cordova-plugin-file-transfer/CDVFileTransfer.h"; sourceTree = "<group>"; };
		88483C7CB1CF48BDA75D97B9 /* CDVJpegHeaderWriter.m */ = {isa = PBXFileReference; explicitFileType = undefined; fileEncoding = 4; includeInIndex = 0; lastKnownFileType = sourcecode.c.objc; name = CDVJpegHeaderWriter.m; path = "cordova-plugin-camera/CDVJpegHeaderWriter.m"; sourceTree = "<group>"; };
		8D1107310486CEB800E47090 /* ivanballApp-Info.plist */ = {isa = PBXFileReference; fileEncoding = 4; lastKnownFileType = text.plist.xml; name = "ivanballApp-Info.plist"; path = "ivanballApp/ivanballApp-Info.plist"; plistStructureDefinitionIdentifier = "com.apple.xcode.plist.structure-definition.iphone.info-plist"; sourceTree = SOURCE_ROOT; };
		94DD07A7E67B4464B5A3F7B7 /* CDVAccelerometer.m */ = {isa = PBXFileReference; explicitFileType = undefined; fileEncoding = 4; includeInIndex = 0; lastKnownFileType = sourcecode.c.objc; name = CDVAccelerometer.m; path = "cordova-plugin-device-motion/CDVAccelerometer.m"; sourceTree = "<group>"; };
		963D4D53ED364B8E89C9C6C7 /* CDVCapture.m */ = {isa = PBXFileReference; explicitFileType = undefined; fileEncoding = 4; includeInIndex = 0; lastKnownFileType = sourcecode.c.objc; name = CDVCapture.m; path = "cordova-plugin-media-capture/CDVCapture.m"; sourceTree = "<group>"; };
		9C3ECBBDCDC14FB38C73BF46 /* CDVSound.m */ = {isa = PBXFileReference; explicitFileType = undefined; fileEncoding = 4; includeInIndex = 0; lastKnownFileType = sourcecode.c.objc; name = CDVSound.m; path = "cordova-plugin-media/CDVSound.m"; sourceTree = "<group>"; };
		9E03DCB0961F44CF82BC261F /* CDVReachability.h */ = {isa = PBXFileReference; explicitFileType = undefined; fileEncoding = 4; includeInIndex = 0; lastKnownFileType = sourcecode.c.h; name = CDVReachability.h; path = "cordova-plugin-network-information/CDVReachability.h"; sourceTree = "<group>"; };
		A2AE6656994C42EAA1F24192 /* CDVSplashScreen.m */ = {isa = PBXFileReference; explicitFileType = undefined; fileEncoding = 4; includeInIndex = 0; lastKnownFileType = sourcecode.c.objc; name = CDVSplashScreen.m; path = "cordova-plugin-splashscreen/CDVSplashScreen.m"; sourceTree = "<group>"; };
		A562695E761744208636EE50 /* CDVDevice.m */ = {isa = PBXFileReference; explicitFileType = undefined; fileEncoding = 4; includeInIndex = 0; lastKnownFileType = sourcecode.c.objc; name = CDVDevice.m; path = "cordova-plugin-device/CDVDevice.m"; sourceTree = "<group>"; };
		AD697DD0F04D43CCAFC3382A /* AudioToolbox.framework */ = {isa = PBXFileReference; explicitFileType = undefined; fileEncoding = 0; includeInIndex = 0; lastKnownFileType = wrapper.framework; name = AudioToolbox.framework; path = System/Library/Frameworks/AudioToolbox.framework; sourceTree = SDKROOT; };
		B5EA1CA2C135415897AAD53D /* CDVBattery.h */ = {isa = PBXFileReference; explicitFileType = undefined; fileEncoding = 4; includeInIndex = 0; lastKnownFileType = sourcecode.c.h; name = CDVBattery.h; path = "cordova-plugin-battery-status/CDVBattery.h"; sourceTree = "<group>"; };
		BBD4351112C24AFC952E6128 /* CDVCamera.h */ = {isa = PBXFileReference; explicitFileType = undefined; fileEncoding = 4; includeInIndex = 0; lastKnownFileType = sourcecode.c.h; name = CDVCamera.h; path = "cordova-plugin-camera/CDVCamera.h"; sourceTree = "<group>"; };
		BC168C47CD0B48B585521338 /* CDVViewController+SplashScreen.m */ = {isa = PBXFileReference; explicitFileType = undefined; fileEncoding = 4; includeInIndex = 0; lastKnownFileType = sourcecode.c.objc; name = "CDVViewController+SplashScreen.m"; path = "cordova-plugin-splashscreen/CDVViewController+SplashScreen.m"; sourceTree = "<group>"; };
		BFA07E7DE1924BBFB1190701 /* UIImage+CropScaleOrientation.h */ = {isa = PBXFileReference; explicitFileType = undefined; fileEncoding = 4; includeInIndex = 0; lastKnownFileType = sourcecode.c.h; name = "UIImage+CropScaleOrientation.h"; path = "cordova-plugin-camera/UIImage+CropScaleOrientation.h"; sourceTree = "<group>"; };
		C4018D72C8E141128B0E5BF1 /* CDVConnection.h */ = {isa = PBXFileReference; explicitFileType = undefined; fileEncoding = 4; includeInIndex = 0; lastKnownFileType = sourcecode.c.h; name = CDVConnection.h; path = "cordova-plugin-network-information/CDVConnection.h"; sourceTree = "<group>"; };
		C449DD3D6E854EBD9B259BD8 /* CDVContacts.m */ = {isa = PBXFileReference; explicitFileType = undefined; fileEncoding = 4; includeInIndex = 0; lastKnownFileType = sourcecode.c.objc; name = CDVContacts.m; path = "cordova-plugin-contacts/CDVContacts.m"; sourceTree = "<group>"; };
		C96C90ECCA9F4D658BB430FD /* CDVLocalFilesystem.h */ = {isa = PBXFileReference; explicitFileType = undefined; fileEncoding = 4; includeInIndex = 0; lastKnownFileType = sourcecode.c.h; name = CDVLocalFilesystem.h; path = "cordova-plugin-file/CDVLocalFilesystem.h"; sourceTree = "<group>"; };
		CD43066E7F884A0BBB40DE8F /* CDVCompass.m */ = {isa = PBXFileReference; explicitFileType = undefined; fileEncoding = 4; includeInIndex = 0; lastKnownFileType = sourcecode.c.objc; name = CDVCompass.m; path = "cordova-plugin-device-orientation/CDVCompass.m"; sourceTree = "<group>"; };
		CF6BF84A94544A02B924AA95 /* CDVBattery.m */ = {isa = PBXFileReference; explicitFileType = undefined; fileEncoding = 4; includeInIndex = 0; lastKnownFileType = sourcecode.c.objc; name = CDVBattery.m; path = "cordova-plugin-battery-status/CDVBattery.m"; sourceTree = "<group>"; };
		D248DACBB6884678A306AF94 /* CDVAssetLibraryFilesystem.h */ = {isa = PBXFileReference; explicitFileType = undefined; fileEncoding = 4; includeInIndex = 0; lastKnownFileType = sourcecode.c.h; name = CDVAssetLibraryFilesystem.h; path = "cordova-plugin-file/CDVAssetLibraryFilesystem.h"; sourceTree = "<group>"; };
		D3CF81F7B7234D0097E8E620 /* CDVContacts.h */ = {isa = PBXFileReference; explicitFileType = undefined; fileEncoding = 4; includeInIndex = 0; lastKnownFileType = sourcecode.c.h; name = CDVContacts.h; path = "cordova-plugin-contacts/CDVContacts.h"; sourceTree = "<group>"; };
		D71848D47D564C179CA17D3A /* CDVFile.h */ = {isa = PBXFileReference; explicitFileType = undefined; fileEncoding = 4; includeInIndex = 0; lastKnownFileType = sourcecode.c.h; name = CDVFile.h; path = "cordova-plugin-file/CDVFile.h"; sourceTree = "<group>"; };
		D8D0551EE33D4D87A9D69D98 /* CDVLocation.m */ = {isa = PBXFileReference; explicitFileType = undefined; fileEncoding = 4; includeInIndex = 0; lastKnownFileType = sourcecode.c.objc; name = CDVLocation.m; path = "cordova-plugin-geolocation/CDVLocation.m"; sourceTree = "<group>"; };
		E1F2CE4C3C2843A1A696B5E1 /* SystemConfiguration.framework */ = {isa = PBXFileReference; explicitFileType = undefined; fileEncoding = 0; includeInIndex = 0; lastKnownFileType = wrapper.framework; name = SystemConfiguration.framework; path = System/Library/Frameworks/SystemConfiguration.framework; sourceTree = SDKROOT; };
		E300FC1287EE46038F2E1657 /* CoreLocation.framework */ = {isa = PBXFileReference; explicitFileType = undefined; fileEncoding = 0; includeInIndex = 0; lastKnownFileType = wrapper.framework; name = CoreLocation.framework; path = System/Library/Frameworks/CoreLocation.framework; sourceTree = SDKROOT; };
		EAA5425BE6DE462592373B70 /* CDVExif.h */ = {isa = PBXFileReference; explicitFileType = undefined; fileEncoding = 4; includeInIndex = 0; lastKnownFileType = sourcecode.c.h; name = CDVExif.h; path = "cordova-plugin-camera/CDVExif.h"; sourceTree = "<group>"; };
		EB87FDF31871DA8E0020F90C /* www */ = {isa = PBXFileReference; lastKnownFileType = folder; name = www; path = ../../www; sourceTree = "<group>"; };
		EB87FDF41871DAF40020F90C /* config.xml */ = {isa = PBXFileReference; lastKnownFileType = text.xml; name = config.xml; path = ../../config.xml; sourceTree = "<group>"; };
		ECF6E090590744F9AB894124 /* CDVConnection.m */ = {isa = PBXFileReference; explicitFileType = undefined; fileEncoding = 4; includeInIndex = 0; lastKnownFileType = sourcecode.c.objc; name = CDVConnection.m; path = "cordova-plugin-network-information/CDVConnection.m"; sourceTree = "<group>"; };
		ED33DF2A687741AEAF9F8254 /* Bridging-Header.h */ = {isa = PBXFileReference; fileEncoding = 4; lastKnownFileType = sourcecode.c.h; path = "Bridging-Header.h"; sourceTree = "<group>"; };
		EDFB14972CC241A19818EF0B /* CDVSound.h */ = {isa = PBXFileReference; explicitFileType = undefined; fileEncoding = 4; includeInIndex = 0; lastKnownFileType = sourcecode.c.h; name = CDVSound.h; path = "cordova-plugin-media/CDVSound.h"; sourceTree = "<group>"; };
		F0B4394FD60E4ABEAE738E5B /* CDVCompass.h */ = {isa = PBXFileReference; explicitFileType = undefined; fileEncoding = 4; includeInIndex = 0; lastKnownFileType = sourcecode.c.h; name = CDVCompass.h; path = "cordova-plugin-device-orientation/CDVCompass.h"; sourceTree = "<group>"; };
		F1AA580A064A4EE285EC0682 /* AddressBookUI.framework */ = {isa = PBXFileReference; explicitFileType = undefined; fileEncoding = 0; includeInIndex = 0; lastKnownFileType = wrapper.framework; name = AddressBookUI.framework; path = System/Library/Frameworks/AddressBookUI.framework; sourceTree = SDKROOT; };
		F590D865EFF34A289D95DA67 /* CDVLocalFilesystem.m */ = {isa = PBXFileReference; explicitFileType = undefined; fileEncoding = 4; includeInIndex = 0; lastKnownFileType = sourcecode.c.objc; name = CDVLocalFilesystem.m; path = "cordova-plugin-file/CDVLocalFilesystem.m"; sourceTree = "<group>"; };
		F760CDA0CF77469A9A16FFFE /* CDVReachability.m */ = {isa = PBXFileReference; explicitFileType = undefined; fileEncoding = 4; includeInIndex = 0; lastKnownFileType = sourcecode.c.objc; name = CDVReachability.m; path = "cordova-plugin-network-information/CDVReachability.m"; sourceTree = "<group>"; };
		F7E826A736F54797B67AEB59 /* CDVFileTransfer.m */ = {isa = PBXFileReference; explicitFileType = undefined; fileEncoding = 4; includeInIndex = 0; lastKnownFileType = sourcecode.c.objc; name = CDVFileTransfer.m; path = "cordova-plugin-file-transfer/CDVFileTransfer.m"; sourceTree = "<group>"; };
		F7FA43C910DE45B484C6F416 /* CDVContact.m */ = {isa = PBXFileReference; explicitFileType = undefined; fileEncoding = 4; includeInIndex = 0; lastKnownFileType = sourcecode.c.objc; name = CDVContact.m; path = "cordova-plugin-contacts/CDVContact.m"; sourceTree = "<group>"; };
		F840E1F0165FE0F500CFE078 /* config.xml */ = {isa = PBXFileReference; lastKnownFileType = text.xml; name = config.xml; path = ivanballApp/config.xml; sourceTree = "<group>"; };
		F8E520043DBD464AB4B2B78A /* CDVViewController+SplashScreen.h */ = {isa = PBXFileReference; explicitFileType = undefined; fileEncoding = 4; includeInIndex = 0; lastKnownFileType = sourcecode.c.h; name = "CDVViewController+SplashScreen.h"; path = "cordova-plugin-splashscreen/CDVViewController+SplashScreen.h"; sourceTree = "<group>"; };
		F99F505294794C1D95D8FB6C /* CDVGlobalization.m */ = {isa = PBXFileReference; explicitFileType = undefined; fileEncoding = 4; includeInIndex = 0; lastKnownFileType = sourcecode.c.objc; name = CDVGlobalization.m; path = "cordova-plugin-globalization/CDVGlobalization.m"; sourceTree = "<group>"; };
		FC6DB2FE58924AC59ED4D647 /* CDVContact.h */ = {isa = PBXFileReference; explicitFileType = undefined; fileEncoding = 4; includeInIndex = 0; lastKnownFileType = sourcecode.c.h; name = CDVContact.h; path = "cordova-plugin-contacts/CDVContact.h"; sourceTree = "<group>"; };
		FEB0800099F641D9982A6ACE /* CoreTelephony.framework */ = {isa = PBXFileReference; explicitFileType = undefined; fileEncoding = 0; includeInIndex = 0; lastKnownFileType = wrapper.framework; name = CoreTelephony.framework; path = System/Library/Frameworks/CoreTelephony.framework; sourceTree = SDKROOT; };
/* End PBXFileReference section */

/* Begin PBXFrameworksBuildPhase section */
		1D60588F0D05DD3D006BFB54 /* Frameworks */ = {
			isa = PBXFrameworksBuildPhase;
			buildActionMask = 2147483647;
			files = (
				301BF552109A68D80062928A /* libCordova.a in Frameworks */,
				BDDB9615BB7841619CCE5D19 /* ImageIO.framework in Frameworks */,
				AB61AD3D946A484D8F23CF22 /* CoreLocation.framework in Frameworks */,
				4FF7ACADDC3C41A09A3C48FB /* AVFoundation.framework in Frameworks */,
				A846DC5806A248A480343EA4 /* AddressBook.framework in Frameworks */,
				0C06002489294FE0B3FFB245 /* AddressBookUI.framework in Frameworks */,
				05E837E7A959476799654D73 /* CoreMotion.framework in Frameworks */,
				251D3DD7A18B40A8B4A71A10 /* AudioToolbox.framework in Frameworks */,
				0BFCBD04E9DC42EE9155EF8F /* SystemConfiguration.framework in Frameworks */,
				917CCAE9EFD247588F729105 /* CoreTelephony.framework in Frameworks */,
			);
			runOnlyForDeploymentPostprocessing = 0;
		};
/* End PBXFrameworksBuildPhase section */

/* Begin PBXGroup section */
		080E96DDFE201D6D7F000001 /* Classes */ = {
			isa = PBXGroup;
			children = (
				302D95EE14D2391D003F00A1 /* MainViewController.h */,
				302D95EF14D2391D003F00A1 /* MainViewController.m */,
				302D95F014D2391D003F00A1 /* MainViewController.xib */,
				1D3623240D0F684500981E51 /* AppDelegate.h */,
				1D3623250D0F684500981E51 /* AppDelegate.m */,
			);
			name = Classes;
			path = ivanballApp/Classes;
			sourceTree = SOURCE_ROOT;
		};
		19C28FACFE9D520D11CA2CBB /* Products */ = {
			isa = PBXGroup;
			children = (
				1D6058910D05DD3D006BFB54 /* ivanballApp.app */,
			);
			name = Products;
			sourceTree = "<group>";
		};
		29B97314FDCFA39411CA2CEA /* CustomTemplate */ = {
			isa = PBXGroup;
			children = (
				EB87FDF41871DAF40020F90C /* config.xml */,
				EB87FDF31871DA8E0020F90C /* www */,
				EB87FDF11871DA420020F90C /* Staging */,
				301BF52D109A57CC0062928A /* CordovaLib.xcodeproj */,
				080E96DDFE201D6D7F000001 /* Classes */,
				307C750510C5A3420062BCA9 /* Plugins */,
				29B97315FDCFA39411CA2CEA /* Other Sources */,
				29B97317FDCFA39411CA2CEA /* Resources */,
				29B97323FDCFA39411CA2CEA /* Frameworks */,
				19C28FACFE9D520D11CA2CBB /* Products */,
			);
			name = CustomTemplate;
			sourceTree = "<group>";
		};
		29B97315FDCFA39411CA2CEA /* Other Sources */ = {
			isa = PBXGroup;
			children = (
				32CA4F630368D1EE00C91783 /* ivanballApp-Prefix.pch */,
				29B97316FDCFA39411CA2CEA /* main.m */,
				ED33DF2A687741AEAF9F8254 /* Bridging-Header.h */,
			);
			name = "Other Sources";
			path = ivanballApp;
			sourceTree = "<group>";
		};
		29B97317FDCFA39411CA2CEA /* Resources */ = {
			isa = PBXGroup;
			children = (
				0207DA571B56EA530066E2B4 /* Images.xcassets */,
				3047A50E1AB8057F00498E2A /* config */,
				8D1107310486CEB800E47090 /* ivanballApp-Info.plist */,
				350B7AFEF4CC447184CEC204 /* CDVNotification.bundle */,
				1388E24855114DD9B1F99CAB /* CDVCapture.bundle */,
			);
			name = Resources;
			path = ivanballApp/Resources;
			sourceTree = "<group>";
		};
		29B97323FDCFA39411CA2CEA /* Frameworks */ = {
			isa = PBXGroup;
			children = (
				37152B3CF295419881599808 /* ImageIO.framework */,
				E300FC1287EE46038F2E1657 /* CoreLocation.framework */,
				179AC9170FC04EE9A842E287 /* AVFoundation.framework */,
				0E80C34CDED64521AD13EA77 /* AddressBook.framework */,
				F1AA580A064A4EE285EC0682 /* AddressBookUI.framework */,
				2DAFFD16C6254FABAA332E4A /* CoreMotion.framework */,
				AD697DD0F04D43CCAFC3382A /* AudioToolbox.framework */,
				E1F2CE4C3C2843A1A696B5E1 /* SystemConfiguration.framework */,
				FEB0800099F641D9982A6ACE /* CoreTelephony.framework */,
			);
			name = Frameworks;
			sourceTree = "<group>";
		};
		301BF52E109A57CC0062928A /* Products */ = {
			isa = PBXGroup;
			children = (
				301BF535109A57CC0062928A /* libCordova.a */,
			);
			name = Products;
			sourceTree = "<group>";
		};
		3047A50E1AB8057F00498E2A /* config */ = {
			isa = PBXGroup;
			children = (
				3047A50F1AB8059700498E2A /* build-debug.xcconfig */,
				3047A5101AB8059700498E2A /* build-release.xcconfig */,
				3047A5111AB8059700498E2A /* build.xcconfig */,
			);
			name = config;
			sourceTree = "<group>";
		};
		307C750510C5A3420062BCA9 /* Plugins */ = {
			isa = PBXGroup;
			children = (
				CF6BF84A94544A02B924AA95 /* CDVBattery.m */,
				B5EA1CA2C135415897AAD53D /* CDVBattery.h */,
				4CEA5DB334ED4124BE9306C0 /* UIImage+CropScaleOrientation.m */,
				476A381383B546CBA84FDBCB /* CDVCamera.m */,
				88483C7CB1CF48BDA75D97B9 /* CDVJpegHeaderWriter.m */,
				BFA07E7DE1924BBFB1190701 /* UIImage+CropScaleOrientation.h */,
				BBD4351112C24AFC952E6128 /* CDVCamera.h */,
				06E8D0E5A53C4D2A81F25EEE /* CDVJpegHeaderWriter.h */,
				EAA5425BE6DE462592373B70 /* CDVExif.h */,
				475010F96D7B4B18AAEA86C0 /* CDVLogger.m */,
				0C170647007F40CF821078E9 /* CDVLogger.h */,
				C449DD3D6E854EBD9B259BD8 /* CDVContacts.m */,
				F7FA43C910DE45B484C6F416 /* CDVContact.m */,
				D3CF81F7B7234D0097E8E620 /* CDVContacts.h */,
				FC6DB2FE58924AC59ED4D647 /* CDVContact.h */,
				A562695E761744208636EE50 /* CDVDevice.m */,
				79C583AA61964BB8AF1FBC2A /* CDVDevice.h */,
				94DD07A7E67B4464B5A3F7B7 /* CDVAccelerometer.m */,
				49C94A6C035E4E69BED75258 /* CDVAccelerometer.h */,
				CD43066E7F884A0BBB40DE8F /* CDVCompass.m */,
				F0B4394FD60E4ABEAE738E5B /* CDVCompass.h */,
				4CC8CD23E48B4525B214FD63 /* CDVNotification.m */,
				13DCBD6F2C994EDDB78354BA /* CDVNotification.h */,
				81E4F0B56D1B4948AB7C6CB3 /* CDVFile.m */,
				F590D865EFF34A289D95DA67 /* CDVLocalFilesystem.m */,
				2624A011DC8C45049DA759DA /* CDVAssetLibraryFilesystem.m */,
				D71848D47D564C179CA17D3A /* CDVFile.h */,
				C96C90ECCA9F4D658BB430FD /* CDVLocalFilesystem.h */,
				D248DACBB6884678A306AF94 /* CDVAssetLibraryFilesystem.h */,
				F7E826A736F54797B67AEB59 /* CDVFileTransfer.m */,
				837DA57AB31A4F60BD796E2F /* CDVFileTransfer.h */,
				D8D0551EE33D4D87A9D69D98 /* CDVLocation.m */,
				364F1ECCF04E4AA39D30B4AF /* CDVLocation.h */,
				F99F505294794C1D95D8FB6C /* CDVGlobalization.m */,
				074285354CA44C159AA8919E /* CDVGlobalization.h */,
				9C3ECBBDCDC14FB38C73BF46 /* CDVSound.m */,
				EDFB14972CC241A19818EF0B /* CDVSound.h */,
				963D4D53ED364B8E89C9C6C7 /* CDVCapture.m */,
				2CCCBCE02FC1423CAA1208A0 /* CDVCapture.h */,
				ECF6E090590744F9AB894124 /* CDVConnection.m */,
				F760CDA0CF77469A9A16FFFE /* CDVReachability.m */,
				C4018D72C8E141128B0E5BF1 /* CDVConnection.h */,
				9E03DCB0961F44CF82BC261F /* CDVReachability.h */,
				A2AE6656994C42EAA1F24192 /* CDVSplashScreen.m */,
				BC168C47CD0B48B585521338 /* CDVViewController+SplashScreen.m */,
				42ECCBDFD1714B09BEEE6F98 /* CDVSplashScreen.h */,
				F8E520043DBD464AB4B2B78A /* CDVViewController+SplashScreen.h */,
				6CFAD5E4914540CFBA45D653 /* CDVVibration.m */,
				5894E99CDD7F4F45AB1E1EE9 /* CDVVibration.h */,
			);
			name = Plugins;
			path = ivanballApp/Plugins;
			sourceTree = SOURCE_ROOT;
		};
		EB87FDF11871DA420020F90C /* Staging */ = {
			isa = PBXGroup;
			children = (
				F840E1F0165FE0F500CFE078 /* config.xml */,
				301BF56E109A69640062928A /* www */,
			);
			name = Staging;
			sourceTree = "<group>";
		};
/* End PBXGroup section */

/* Begin PBXNativeTarget section */
		1D6058900D05DD3D006BFB54 /* ivanballApp */ = {
			isa = PBXNativeTarget;
			buildConfigurationList = 1D6058960D05DD3E006BFB54 /* Build configuration list for PBXNativeTarget "ivanballApp" */;
			buildPhases = (
				304B58A110DAC018002A0835 /* Copy www directory */,
				1D60588D0D05DD3D006BFB54 /* Resources */,
				1D60588E0D05DD3D006BFB54 /* Sources */,
				1D60588F0D05DD3D006BFB54 /* Frameworks */,
			);
			buildRules = (
			);
			dependencies = (
				301BF551109A68C00062928A /* PBXTargetDependency */,
			);
			name = ivanballApp;
			productName = ivanballApp;
			productReference = 1D6058910D05DD3D006BFB54 /* ivanballApp.app */;
			productType = "com.apple.product-type.application";
		};
/* End PBXNativeTarget section */

/* Begin PBXProject section */
		29B97313FDCFA39411CA2CEA /* Project object */ = {
			isa = PBXProject;
			attributes = {
				LastUpgradeCheck = 510;
				TargetAttributes = {
					1D6058900D05DD3D006BFB54 = {
						DevelopmentTeam = J25NFL257S;
					};
				};
			};
			buildConfigurationList = C01FCF4E08A954540054247B /* Build configuration list for PBXProject "ivanballApp" */;
			compatibilityVersion = "Xcode 3.2";
			developmentRegion = English;
			hasScannedForEncodings = 1;
			knownRegions = (
				en,
			);
			mainGroup = 29B97314FDCFA39411CA2CEA /* CustomTemplate */;
			projectDirPath = "";
			projectReferences = (
				{
					ProductGroup = 301BF52E109A57CC0062928A /* Products */;
					ProjectRef = 301BF52D109A57CC0062928A /* CordovaLib.xcodeproj */;
				},
			);
			projectRoot = "";
			targets = (
				1D6058900D05DD3D006BFB54 /* ivanballApp */,
			);
		};
/* End PBXProject section */

/* Begin PBXReferenceProxy section */
		301BF535109A57CC0062928A /* libCordova.a */ = {
			isa = PBXReferenceProxy;
			fileType = archive.ar;
			path = libCordova.a;
			remoteRef = 301BF534109A57CC0062928A /* PBXContainerItemProxy */;
			sourceTree = BUILT_PRODUCTS_DIR;
		};
/* End PBXReferenceProxy section */

/* Begin PBXResourcesBuildPhase section */
		1D60588D0D05DD3D006BFB54 /* Resources */ = {
			isa = PBXResourcesBuildPhase;
			buildActionMask = 2147483647;
			files = (
				302D95F214D2391D003F00A1 /* MainViewController.xib in Resources */,
				3047A5131AB8059700498E2A /* build-release.xcconfig in Resources */,
				3047A5141AB8059700498E2A /* build.xcconfig in Resources */,
				0207DA581B56EA530066E2B4 /* Images.xcassets in Resources */,
				3047A5121AB8059700498E2A /* build-debug.xcconfig in Resources */,
				976B4A7BD6D840ACAAFBB11A /* CDVNotification.bundle in Resources */,
				BDAD686185E84CFDAB24BB52 /* CDVCapture.bundle in Resources */,
			);
			runOnlyForDeploymentPostprocessing = 0;
		};
/* End PBXResourcesBuildPhase section */

/* Begin PBXShellScriptBuildPhase section */
		304B58A110DAC018002A0835 /* Copy www directory */ = {
			isa = PBXShellScriptBuildPhase;
			buildActionMask = 2147483647;
			files = (
			);
			inputPaths = (
			);
			name = "Copy www directory";
			outputPaths = (
			);
			runOnlyForDeploymentPostprocessing = 0;
			shellPath = /bin/sh;
			shellScript = "NODEJS_PATH=/usr/local/bin; NVM_NODE_PATH=~/.nvm/versions/node/`nvm version 2>/dev/null`/bin; N_NODE_PATH=`find /usr/local/n/versions/node/* -maxdepth 0 -type d 2>/dev/null | tail -1`/bin; XCODE_NODE_PATH=`xcode-select --print-path`/usr/share/xcs/Node/bin; PATH=$NODEJS_PATH:$NVM_NODE_PATH:$N_NODE_PATH:$XCODE_NODE_PATH:$PATH && node cordova/lib/copy-www-build-step.js";
			showEnvVarsInLog = 0;
		};
/* End PBXShellScriptBuildPhase section */

/* Begin PBXSourcesBuildPhase section */
		1D60588E0D05DD3D006BFB54 /* Sources */ = {
			isa = PBXSourcesBuildPhase;
			buildActionMask = 2147483647;
			files = (
				1D60589B0D05DD56006BFB54 /* main.m in Sources */,
				1D3623260D0F684500981E51 /* AppDelegate.m in Sources */,
				302D95F114D2391D003F00A1 /* MainViewController.m in Sources */,
				323C8FEA7D314B9280C49E49 /* CDVBattery.m in Sources */,
				8EE4371BA7EC4CD8922F99A5 /* UIImage+CropScaleOrientation.m in Sources */,
				74459D98E13E4CD5BB927F69 /* CDVCamera.m in Sources */,
				828634175D45423182E8763F /* CDVJpegHeaderWriter.m in Sources */,
				5044241190D7493F92D28219 /* CDVLogger.m in Sources */,
				ED1D838AB118484A9FCF44F4 /* CDVContacts.m in Sources */,
				825A7AD6C3884F32BE8181E7 /* CDVContact.m in Sources */,
				6EEA6A1089424B4ABAF5FB4A /* CDVDevice.m in Sources */,
				AF218ADD96EA4EEA93821671 /* CDVAccelerometer.m in Sources */,
				3D3ACB6523914A06812595A3 /* CDVCompass.m in Sources */,
				4935D1CAA88645CBB3025377 /* CDVNotification.m in Sources */,
				D99941F9F1994BDD9ECDC11E /* CDVFile.m in Sources */,
				A98EBF8B9A00418B9A2B2839 /* CDVLocalFilesystem.m in Sources */,
				89680948F3AD4B58A8BCEAD9 /* CDVAssetLibraryFilesystem.m in Sources */,
				5EAE34CB9A85407EAC969705 /* CDVFileTransfer.m in Sources */,
				1AA0A75D2E0A48FC9FB4F6F7 /* CDVLocation.m in Sources */,
				3E0521CA4481404FB1B34E6E /* CDVGlobalization.m in Sources */,
				2CACB7EE951541339A88E161 /* CDVSound.m in Sources */,
				36CBE4172A3E462A9841A383 /* CDVCapture.m in Sources */,
				DA8654C808B6451090E1FEB1 /* CDVConnection.m in Sources */,
				BE55C7D0A7F541519BE58C27 /* CDVReachability.m in Sources */,
				719107D12E964CBCBAD11AA2 /* CDVSplashScreen.m in Sources */,
				EC2961BFB1CE492BB6A303BE /* CDVViewController+SplashScreen.m in Sources */,
				441D798F57FF4BF592CC0E93 /* CDVVibration.m in Sources */,
			);
			runOnlyForDeploymentPostprocessing = 0;
		};
/* End PBXSourcesBuildPhase section */

/* Begin PBXTargetDependency section */
		301BF551109A68C00062928A /* PBXTargetDependency */ = {
			isa = PBXTargetDependency;
			name = CordovaLib;
			targetProxy = 301BF550109A68C00062928A /* PBXContainerItemProxy */;
		};
/* End PBXTargetDependency section */

/* Begin XCBuildConfiguration section */
		1D6058940D05DD3E006BFB54 /* Debug */ = {
			isa = XCBuildConfiguration;
			baseConfigurationReference = 3047A50F1AB8059700498E2A /* build-debug.xcconfig */;
			buildSettings = {
				ALWAYS_SEARCH_USER_PATHS = NO;
				ASSETCATALOG_COMPILER_APPICON_NAME = AppIcon;
				ASSETCATALOG_COMPILER_LAUNCHIMAGE_NAME = LaunchImage;
				CLANG_ENABLE_MODULES = YES;
				CLANG_ENABLE_OBJC_ARC = YES;
				CODE_SIGN_IDENTITY = "iPhone Developer";
				"CODE_SIGN_IDENTITY[sdk=iphoneos*]" = "iPhone Developer";
				COPY_PHASE_STRIP = NO;
				GCC_DYNAMIC_NO_PIC = NO;
				GCC_OPTIMIZATION_LEVEL = 0;
				GCC_PRECOMPILE_PREFIX_HEADER = YES;
				GCC_PREFIX_HEADER = "ivanballApp/ivanballApp-Prefix.pch";
				GCC_THUMB_SUPPORT = NO;
				GCC_VERSION = "";
				INFOPLIST_FILE = "ivanballApp/ivanballApp-Info.plist";
				LD_RUNPATH_SEARCH_PATHS = "@executable_path/Frameworks";
				PRODUCT_BUNDLE_IDENTIFIER = com.coolappz2.ivanballApp3;
				PRODUCT_NAME = ivanballApp;
				PROVISIONING_PROFILE = "";
			};
			name = Debug;
		};
		1D6058950D05DD3E006BFB54 /* Release */ = {
			isa = XCBuildConfiguration;
			baseConfigurationReference = 3047A5101AB8059700498E2A /* build-release.xcconfig */;
			buildSettings = {
				ALWAYS_SEARCH_USER_PATHS = NO;
				ASSETCATALOG_COMPILER_APPICON_NAME = AppIcon;
				ASSETCATALOG_COMPILER_LAUNCHIMAGE_NAME = LaunchImage;
				CLANG_ENABLE_MODULES = YES;
				CLANG_ENABLE_OBJC_ARC = YES;
				CODE_SIGN_IDENTITY = "iPhone Developer";
				"CODE_SIGN_IDENTITY[sdk=iphoneos*]" = "iPhone Developer";
				COPY_PHASE_STRIP = YES;
				GCC_PRECOMPILE_PREFIX_HEADER = YES;
				GCC_PREFIX_HEADER = "ivanballApp/ivanballApp-Prefix.pch";
				GCC_THUMB_SUPPORT = NO;
				GCC_VERSION = "";
				INFOPLIST_FILE = "ivanballApp/ivanballApp-Info.plist";
				PRODUCT_BUNDLE_IDENTIFIER = com.coolappz2.ivanballApp3;
				PRODUCT_NAME = ivanballApp;
				PROVISIONING_PROFILE = "";
			};
			name = Release;
		};
		C01FCF4F08A954540054247B /* Debug */ = {
			isa = XCBuildConfiguration;
			baseConfigurationReference = 3047A5111AB8059700498E2A /* build.xcconfig */;
			buildSettings = {
				CLANG_ENABLE_MODULES = YES;
				CLANG_ENABLE_OBJC_ARC = YES;
				CLANG_WARN_BOOL_CONVERSION = YES;
				CLANG_WARN_CONSTANT_CONVERSION = YES;
				CLANG_WARN_EMPTY_BODY = YES;
				CLANG_WARN_ENUM_CONVERSION = YES;
				CLANG_WARN_INT_CONVERSION = YES;
				CLANG_WARN__DUPLICATE_METHOD_MATCH = YES;
				GCC_C_LANGUAGE_STANDARD = c99;
				GCC_THUMB_SUPPORT = NO;
				GCC_VERSION = "";
				GCC_WARN_ABOUT_RETURN_TYPE = YES;
				GCC_WARN_UNDECLARED_SELECTOR = YES;
				GCC_WARN_UNINITIALIZED_AUTOS = YES;
				GCC_WARN_UNUSED_FUNCTION = YES;
				GCC_WARN_UNUSED_VARIABLE = YES;
				ONLY_ACTIVE_ARCH = YES;
				SDKROOT = iphoneos;
				SKIP_INSTALL = NO;
			};
			name = Debug;
		};
		C01FCF5008A954540054247B /* Release */ = {
			isa = XCBuildConfiguration;
			baseConfigurationReference = 3047A5111AB8059700498E2A /* build.xcconfig */;
			buildSettings = {
				CLANG_ENABLE_MODULES = YES;
				CLANG_ENABLE_OBJC_ARC = YES;
				CLANG_WARN_BOOL_CONVERSION = YES;
				CLANG_WARN_CONSTANT_CONVERSION = YES;
				CLANG_WARN_EMPTY_BODY = YES;
				CLANG_WARN_ENUM_CONVERSION = YES;
				CLANG_WARN_INT_CONVERSION = YES;
				CLANG_WARN__DUPLICATE_METHOD_MATCH = YES;
				GCC_C_LANGUAGE_STANDARD = c99;
				GCC_THUMB_SUPPORT = NO;
				GCC_VERSION = "";
				GCC_WARN_ABOUT_RETURN_TYPE = YES;
				GCC_WARN_UNDECLARED_SELECTOR = YES;
				GCC_WARN_UNINITIALIZED_AUTOS = YES;
				GCC_WARN_UNUSED_FUNCTION = YES;
				GCC_WARN_UNUSED_VARIABLE = YES;
				SDKROOT = iphoneos;
				SKIP_INSTALL = NO;
			};
			name = Release;
		};
/* End XCBuildConfiguration section */

/* Begin XCConfigurationList section */
		1D6058960D05DD3E006BFB54 /* Build configuration list for PBXNativeTarget "ivanballApp" */ = {
			isa = XCConfigurationList;
			buildConfigurations = (
				1D6058940D05DD3E006BFB54 /* Debug */,
				1D6058950D05DD3E006BFB54 /* Release */,
			);
			defaultConfigurationIsVisible = 0;
			defaultConfigurationName = Release;
		};
		C01FCF4E08A954540054247B /* Build configuration list for PBXProject "ivanballApp" */ = {
			isa = XCConfigurationList;
			buildConfigurations = (
				C01FCF4F08A954540054247B /* Debug */,
				C01FCF5008A954540054247B /* Release */,
			);
			defaultConfigurationIsVisible = 0;
			defaultConfigurationName = Release;
		};
/* End XCConfigurationList section */
	};
	rootObject = 29B97313FDCFA39411CA2CEA /* Project object */;
}
